
Microsoft Visual Studio Solution File, Format Version 12.00
# Visual Studio Version 17
VisualStudioVersion = 17.5.002.0
MinimumVisualStudioVersion = 10.0.40219.1
Project("{9A19103F-16F7-4668-BE54-9A1E7A4F7556}") = "usbConnected", "usbConnected.csproj", "{DB22F777-471F-4169-92D0-5E6EFF690060}"
EndProject
Project("{FAE04EC0-301F-11D3-BF4B-00C04F79EFBC}") = "Serilization", "..\..\..\Serilization\Serilization.csproj", "{0A321F19-E078-446D-81DA-1EC2E92C20B7}"
EndProject
Global
	GlobalSection(SolutionConfigurationPlatforms) = preSolution
		Debug|Any CPU = Debug|Any CPU
		Release|Any CPU = Release|Any CPU
	EndGlobalSection
	GlobalSection(ProjectConfigurationPlatforms) = postSolution
		{DB22F777-471F-4169-92D0-5E6EFF690060}.Debug|Any CPU.ActiveCfg = Debug|Any CPU
		{DB22F777-471F-4169-92D0-5E6EFF690060}.Debug|Any CPU.Build.0 = Debug|Any CPU
		{DB22F777-471F-4169-92D0-5E6EFF690060}.Release|Any CPU.ActiveCfg = Release|Any CPU
		{DB22F777-471F-4169-92D0-5E6EFF690060}.Release|Any CPU.Build.0 = Release|Any CPU
		{0A321F19-E078-446D-81DA-1EC2E92C20B7}.Debug|Any CPU.ActiveCfg = Debug|Any CPU
		{0A321F19-E078-446D-81DA-1EC2E92C20B7}.Debug|Any CPU.Build.0 = Debug|Any CPU
		{0A321F19-E078-446D-81DA-1EC2E92C20B7}.Release|Any CPU.ActiveCfg = Release|Any CPU
		{0A321F19-E078-446D-81DA-1EC2E92C20B7}.Release|Any CPU.Build.0 = Release|Any CPU
	EndGlobalSection
	GlobalSection(SolutionProperties) = preSolution
		HideSolutionNode = FALSE
	EndGlobalSection
	GlobalSection(ExtensibilityGlobals) = postSolution
		SolutionGuid = {AE09608B-1347-4BE3-A809-4B4A6E54DE3F}
	EndGlobalSection
EndGlobal
